Microsoft Visual Studio Solution File, Format Version 11.00
# Visual Studio 2010
Project("{FAE04EC0-301F-11D3-BF4B-00C04F79EFBC}") = "JCrypt", "cryption\JCrypt.csproj", "{69D44037-6055-4AE1-9618-1E9C25C1BF93}"
EndProject
Project("{FAE04EC0-301F-11D3-BF4B-00C04F79EFBC}") = "GUI", "GUI\GUI.csproj", "{242233F4-A166-431D-9E4D-14AF6AD4E0C4}"
EndProject
Global
	GlobalSection(SolutionConfigurationPlatforms) = preSolution
		Debug|Any CPU = Debug|Any CPU
		Release|Any CPU = Release|Any CPU
	EndGlobalSection
	GlobalSection(ProjectConfigurationPlatforms) = postSolution
		{69D44037-6055-4AE1-9618-1E9C25C1BF93}.Debug|Any CPU.ActiveCfg = Debug|Any CPU
		{69D44037-6055-4AE1-9618-1E9C25C1BF93}.Debug|Any CPU.Build.0 = Debug|Any CPU
		{69D44037-6055-4AE1-9618-1E9C25C1BF93}.Release|Any CPU.ActiveCfg = Release|Any CPU
		{69D44037-6055-4AE1-9618-1E9C25C1BF93}.Release|Any CPU.Build.0 = Release|Any CPU
		{242233F4-A166-431D-9E4D-14AF6AD4E0C4}.Debug|Any CPU.ActiveCfg = Debug|Any CPU
		{242233F4-A166-431D-9E4D-14AF6AD4E0C4}.Debug|Any CPU.Build.0 = Debug|Any CPU
		{242233F4-A166-431D-9E4D-14AF6AD4E0C4}.Release|Any CPU.ActiveCfg = Release|Any CPU
		{242233F4-A166-431D-9E4D-14AF6AD4E0C4}.Release|Any CPU.Build.0 = Release|Any CPU
	EndGlobalSection
	GlobalSection(SolutionProperties) = preSolution
		HideSolutionNode = FALSE
	EndGlobalSection
EndGlobal
